
Microsoft Visual Studio Solution File, Format Version 12.00
# Visual Studio Version 17
VisualStudioVersion = 17.3.32929.385
MinimumVisualStudioVersion = 10.0.40219.1
Project("{FAE04EC0-301F-11D3-BF4B-00C04F79EFBC}") = "Wholesaler.Shared", "Wholesaler.Shared\Wholesaler.Shared.csproj", "{38144E5D-F554-4E43-8C6F-012BE101EDCC}"
EndProject
Project("{FAE04EC0-301F-11D3-BF4B-00C04F79EFBC}") = "Wholesaler.Entities", "Wholesaler.Entities\Wholesaler.Entities.csproj", "{C81B60C9-89C6-43D7-895D-9B12D832B7DE}"
EndProject
Project("{FAE04EC0-301F-11D3-BF4B-00C04F79EFBC}") = "Wholesaler.Services", "Wholesaler.Services\Wholesaler.Services.csproj", "{77CF6BB9-862E-4BB2-9F28-60939C560F84}"
EndProject
Project("{FAE04EC0-301F-11D3-BF4B-00C04F79EFBC}") = "Wholesaler.Data", "Wholesaler.Data\Wholesaler.Data.csproj", "{DFE59B11-79F7-45E0-B55D-1A7276D38C40}"
EndProject
Project("{FAE04EC0-301F-11D3-BF4B-00C04F79EFBC}") = "Wholesaler.Mvc", "Wholesaler.Mvc\Wholesaler.Mvc.csproj", "{60A3FCA9-B584-4E9A-85E0-6C53DAAC6812}"
EndProject
Global
	GlobalSection(SolutionConfigurationPlatforms) = preSolution
		Debug|Any CPU = Debug|Any CPU
		Release|Any CPU = Release|Any CPU
	EndGlobalSection
	GlobalSection(ProjectConfigurationPlatforms) = postSolution
		{38144E5D-F554-4E43-8C6F-012BE101EDCC}.Debug|Any CPU.ActiveCfg = Debug|Any CPU
		{38144E5D-F554-4E43-8C6F-012BE101EDCC}.Debug|Any CPU.Build.0 = Debug|Any CPU
		{38144E5D-F554-4E43-8C6F-012BE101EDCC}.Release|Any CPU.ActiveCfg = Release|Any CPU
		{38144E5D-F554-4E43-8C6F-012BE101EDCC}.Release|Any CPU.Build.0 = Release|Any CPU
		{C81B60C9-89C6-43D7-895D-9B12D832B7DE}.Debug|Any CPU.ActiveCfg = Debug|Any CPU
		{C81B60C9-89C6-43D7-895D-9B12D832B7DE}.Debug|Any CPU.Build.0 = Debug|Any CPU
		{C81B60C9-89C6-43D7-895D-9B12D832B7DE}.Release|Any CPU.ActiveCfg = Release|Any CPU
		{C81B60C9-89C6-43D7-895D-9B12D832B7DE}.Release|Any CPU.Build.0 = Release|Any CPU
		{77CF6BB9-862E-4BB2-9F28-60939C560F84}.Debug|Any CPU.ActiveCfg = Debug|Any CPU
		{77CF6BB9-862E-4BB2-9F28-60939C560F84}.Debug|Any CPU.Build.0 = Debug|Any CPU
		{77CF6BB9-862E-4BB2-9F28-60939C560F84}.Release|Any CPU.ActiveCfg = Release|Any CPU
		{77CF6BB9-862E-4BB2-9F28-60939C560F84}.Release|Any CPU.Build.0 = Release|Any CPU
		{DFE59B11-79F7-45E0-B55D-1A7276D38C40}.Debug|Any CPU.ActiveCfg = Debug|Any CPU
		{DFE59B11-79F7-45E0-B55D-1A7276D38C40}.Debug|Any CPU.Build.0 = Debug|Any CPU
		{DFE59B11-79F7-45E0-B55D-1A7276D38C40}.Release|Any CPU.ActiveCfg = Release|Any CPU
		{DFE59B11-79F7-45E0-B55D-1A7276D38C40}.Release|Any CPU.Build.0 = Release|Any CPU
		{60A3FCA9-B584-4E9A-85E0-6C53DAAC6812}.Debug|Any CPU.ActiveCfg = Debug|Any CPU
		{60A3FCA9-B584-4E9A-85E0-6C53DAAC6812}.Debug|Any CPU.Build.0 = Debug|Any CPU
		{60A3FCA9-B584-4E9A-85E0-6C53DAAC6812}.Release|Any CPU.ActiveCfg = Release|Any CPU
		{60A3FCA9-B584-4E9A-85E0-6C53DAAC6812}.Release|Any CPU.Build.0 = Release|Any CPU
	EndGlobalSection
	GlobalSection(SolutionProperties) = preSolution
		HideSolutionNode = FALSE
	EndGlobalSection
	GlobalSection(ExtensibilityGlobals) = postSolution
		SolutionGuid = {EC139B83-21F1-46F5-BABB-35F58FB71512}
	EndGlobalSection
EndGlobal
