
Microsoft Visual Studio Solution File, Format Version 12.00
# Visual Studio Version 17
VisualStudioVersion = 17.2.32630.192
MinimumVisualStudioVersion = 10.0.40219.1
Project("{9A19103F-16F7-4668-BE54-9A1E7A4F7556}") = "markettoptanci.Entities", "markettoptanci.Entities\markettoptanci.Entities.csproj", "{D0C06166-8C7F-4AA8-84B3-72640BA767A7}"
EndProject
Project("{9A19103F-16F7-4668-BE54-9A1E7A4F7556}") = "markettoptanci.Business", "markettoptanci.Business\markettoptanci.Business.csproj", "{0C2AD08C-EF95-4729-8845-6BA9694C0668}"
EndProject
Project("{9A19103F-16F7-4668-BE54-9A1E7A4F7556}") = "markettoptanci.API", "markettoptanci.API\markettoptanci.API.csproj", "{24AC79CA-0CF9-4B2B-A7B9-7D9B3079140C}"
EndProject
Project("{FAE04EC0-301F-11D3-BF4B-00C04F79EFBC}") = "markettoptanci.DataAccess", "markettoptanci.DataAccess\markettoptanci.DataAccess.csproj", "{51BA6F56-05D0-41CE-8DED-88F0CE29AE85}"
EndProject
Global
	GlobalSection(SolutionConfigurationPlatforms) = preSolution
		Debug|Any CPU = Debug|Any CPU
		Release|Any CPU = Release|Any CPU
	EndGlobalSection
	GlobalSection(ProjectConfigurationPlatforms) = postSolution
		{D0C06166-8C7F-4AA8-84B3-72640BA767A7}.Debug|Any CPU.ActiveCfg = Debug|Any CPU
		{D0C06166-8C7F-4AA8-84B3-72640BA767A7}.Debug|Any CPU.Build.0 = Debug|Any CPU
		{D0C06166-8C7F-4AA8-84B3-72640BA767A7}.Release|Any CPU.ActiveCfg = Release|Any CPU
		{D0C06166-8C7F-4AA8-84B3-72640BA767A7}.Release|Any CPU.Build.0 = Release|Any CPU
		{0C2AD08C-EF95-4729-8845-6BA9694C0668}.Debug|Any CPU.ActiveCfg = Debug|Any CPU
		{0C2AD08C-EF95-4729-8845-6BA9694C0668}.Debug|Any CPU.Build.0 = Debug|Any CPU
		{0C2AD08C-EF95-4729-8845-6BA9694C0668}.Release|Any CPU.ActiveCfg = Release|Any CPU
		{0C2AD08C-EF95-4729-8845-6BA9694C0668}.Release|Any CPU.Build.0 = Release|Any CPU
		{24AC79CA-0CF9-4B2B-A7B9-7D9B3079140C}.Debug|Any CPU.ActiveCfg = Debug|Any CPU
		{24AC79CA-0CF9-4B2B-A7B9-7D9B3079140C}.Debug|Any CPU.Build.0 = Debug|Any CPU
		{24AC79CA-0CF9-4B2B-A7B9-7D9B3079140C}.Release|Any CPU.ActiveCfg = Release|Any CPU
		{24AC79CA-0CF9-4B2B-A7B9-7D9B3079140C}.Release|Any CPU.Build.0 = Release|Any CPU
		{51BA6F56-05D0-41CE-8DED-88F0CE29AE85}.Debug|Any CPU.ActiveCfg = Debug|Any CPU
		{51BA6F56-05D0-41CE-8DED-88F0CE29AE85}.Debug|Any CPU.Build.0 = Debug|Any CPU
		{51BA6F56-05D0-41CE-8DED-88F0CE29AE85}.Release|Any CPU.ActiveCfg = Release|Any CPU
		{51BA6F56-05D0-41CE-8DED-88F0CE29AE85}.Release|Any CPU.Build.0 = Release|Any CPU
	EndGlobalSection
	GlobalSection(SolutionProperties) = preSolution
		HideSolutionNode = FALSE
	EndGlobalSection
	GlobalSection(ExtensibilityGlobals) = postSolution
		SolutionGuid = {93EA0F95-7487-4CAA-A817-D95353712094}
	EndGlobalSection
EndGlobal
